{
  "name": "Stardust_innovations",
  "lockfileVersion": 3,
  "requires": true,
  "packages": {
    "": {
      "dependencies": {
        "@sentry/browser": "^8.33.1",
        "@sentry/cli": "^2.36.6"
      }
    },
    "node_modules/@sentry-internal/browser-utils": {
      "version": "8.33.1",
      "resolved": "https://registry.npmjs.org/@sentry-internal/browser-utils/-/browser-utils-8.33.1.tgz",
      "integrity": "sha512-TW6/r+Gl5jiXv54iK1xZ3mlVgTS/jaBp4vcQ0xGMdgiQ3WchEPcFSeYovL+YHT3tSud0GZqVtDQCz+5i76puqA==",
      "license": "MIT",
      "dependencies": {
        "@sentry/core": "8.33.1",
        "@sentry/types": "8.33.1",
        "@sentry/utils": "8.33.1"
      },
      "engines": {
        "node": ">=14.18"
      }
    },
    "node_modules/@sentry-internal/feedback": {
      "version": "8.33.1",
      "resolved": "https://registry.npmjs.org/@sentry-internal/feedback/-/feedback-8.33.1.tgz",
      "integrity": "sha512-qauMRTm3qDaLqZ3ibI03cj4gLF40y0ij65nj+cns6iWxGCtPrO8tjvXFWuQsE7Aye9dGMnBgmv7uN+NTUtC3RA==",
      "license": "MIT",
      "dependencies": {
        "@sentry/core": "8.33.1",
        "@sentry/types": "8.33.1",
        "@sentry/utils": "8.33.1"
      },
      "engines": {
        "node": ">=14.18"
      }
    },
    "node_modules/@sentry-internal/replay": {
      "version": "8.33.1",
      "resolved": "https://registry.npmjs.org/@sentry-internal/replay/-/replay-8.33.1.tgz",
      "integrity": "sha512-fm4coIOjmanU29NOVN9MyaP4fUCOYytbtFqVSKRFNZQ/xAgNeySiBIbUd6IjujMmnOk9bY0WEUMcdm3Uotjdog==",
      "license": "MIT",
      "dependencies": {
        "@sentry-internal/browser-utils": "8.33.1",
        "@sentry/core": "8.33.1",
        "@sentry/types": "8.33.1",
        "@sentry/utils": "8.33.1"
      },
      "engines": {
        "node": ">=14.18"
      }
    },
    "node_modules/@sentry-internal/replay-canvas": {
      "version": "8.33.1",
      "resolved": "https://registry.npmjs.org/@sentry-internal/replay-canvas/-/replay-canvas-8.33.1.tgz",
      "integrity": "sha512-nsxTFTPCT10Ty/v6+AiST3+yotGP1sUb8xqfKB9fPnS1hZHFryp0NnEls7xFjBsBbZPU1GpFkzrk/E6JFzixDQ==",
      "license": "MIT",
      "dependencies": {
        "@sentry-internal/replay": "8.33.1",
        "@sentry/core": "8.33.1",
        "@sentry/types": "8.33.1",
        "@sentry/utils": "8.33.1"
      },
      "engines": {
        "node": ">=14.18"
      }
    },
    "node_modules/@sentry/browser": {
      "version": "8.33.1",
      "resolved": "https://registry.npmjs.org/@sentry/browser/-/browser-8.33.1.tgz",
      "integrity": "sha512-c6zI/igexkLwZuGk+u8Rj26ChjxGgkhe6ZbKFsXCYaKAp5ep5X7HQRkkqgbxApiqlC0LduHdd/ymzh139JLg8w==",
      "license": "MIT",
      "dependencies": {
        "@sentry-internal/browser-utils": "8.33.1",
        "@sentry-internal/feedback": "8.33.1",
        "@sentry-internal/replay": "8.33.1",
        "@sentry-internal/replay-canvas": "8.33.1",
        "@sentry/core": "8.33.1",
        "@sentry/types": "8.33.1",
        "@sentry/utils": "8.33.1"
      },
      "engines": {
        "node": ">=14.18"
      }
    },
    "node_modules/@sentry/cli": {
      "version": "2.36.6",
      "resolved": "https://registry.npmjs.org/@sentry/cli/-/cli-2.36.6.tgz",
      "integrity": "sha512-1fcZVwe4H6a3Z1O+7m/z/2em1u67Tf0Zrt2oGEp82bqvCOHA904Wr2otc6GBEuFESB1/Mo8QgD/qwRd9Tv0Otw==",
      "hasInstallScript": true,
      "license": "BSD-3-Clause",
      "dependencies": {
        "https-proxy-agent": "^5.0.0",
        "node-fetch": "^2.6.7",
        "progress": "^2.0.3",
        "proxy-from-env": "^1.1.0",
        "which": "^2.0.2"
      },
      "bin": {
        "sentry-cli": "bin/sentry-cli"
      },
      "engines": {
        "node": ">= 10"
      },
      "optionalDependencies": {
        "@sentry/cli-darwin": "2.36.6",
        "@sentry/cli-linux-arm": "2.36.6",
        "@sentry/cli-linux-arm64": "2.36.6",
        "@sentry/cli-linux-i686": "2.36.6",
        "@sentry/cli-linux-x64": "2.36.6",
        "@sentry/cli-win32-i686": "2.36.6",
        "@sentry/cli-win32-x64": "2.36.6"
      }
    },
    "node_modules/@sentry/cli-darwin": {
      "version": "2.36.6",
      "resolved": "https://registry.npmjs.org/@sentry/cli-darwin/-/cli-darwin-2.36.6.tgz",
      "integrity": "sha512-2yKECENqMZKrJY5weA19g4gTgQfeuadWvVu7fVQVsgqoBRIaEhSHJc64ZgiHq2ur06qOuYcQr5FO1VrwUE1pZg==",
      "license": "BSD-3-Clause",
      "optional": true,
      "os": [
        "darwin"
      ],
      "engines": {
        "node": ">=10"
      }
    },
    "node_modules/@sentry/cli-linux-arm": {
      "version": "2.36.6",
      "resolved": "https://registry.npmjs.org/@sentry/cli-linux-arm/-/cli-linux-arm-2.36.6.tgz",
      "integrity": "sha512-6zB7w5NawmdzhPHxqkjlhbvQugCBiFrFaUGvb3u1Oo/VCehdmq/v4v8ob4PNN2cJhoDRqQj2mPTfL/ppYNMJuw==",
      "cpu": [
        "arm"
      ],
      "license": "BSD-3-Clause",
      "optional": true,
      "os": [
        "linux",
        "freebsd"
      ],
      "engines": {
        "node": ">=10"
      }
    },
    "node_modules/@sentry/cli-linux-arm64": {
      "version": "2.36.6",
      "resolved": "https://registry.npmjs.org/@sentry/cli-linux-arm64/-/cli-linux-arm64-2.36.6.tgz",
      "integrity": "sha512-sLmmbZRE7F6UksovwcqEQ7oYXVBejpeL1CtiKVFwNoq9XB5kTiKlVColn+3yPcfwKCNj4H4HoeKc+xMtdd7wow==",
      "cpu": [
        "arm64"
      ],
      "license": "BSD-3-Clause",
      "optional": true,
      "os": [
        "linux",
        "freebsd"
      ],
      "engines": {
        "node": ">=10"
      }
    },
    "node_modules/@sentry/cli-linux-i686": {
      "version": "2.36.6",
      "resolved": "https://registry.npmjs.org/@sentry/cli-linux-i686/-/cli-linux-i686-2.36.6.tgz",
      "integrity": "sha512-M1pdxv7eZdGoG1wDpRb28aRUs/qb0C5jAe+a7sWHIg463jRLAahM8NDkv2bRQv0Xhw3JIkEGGvr46mPkQrOuMQ==",
      "cpu": [
        "x86",
        "ia32"
      ],
      "license": "BSD-3-Clause",
      "optional": true,
      "os": [
        "linux",
        "freebsd"
      ],
      "engines": {
        "node": ">=10"
      }
    },
    "node_modules/@sentry/cli-linux-x64": {
      "version": "2.36.6",
      "resolved": "https://registry.npmjs.org/@sentry/cli-linux-x64/-/cli-linux-x64-2.36.6.tgz",
      "integrity": "sha512-gVy/zAWY2DEERQ/i3V+oruMas/U29/tsRPcRkB67MIUWbW7W46+c3yH490O+t49qMYYhKYG2YfWoTzW6qMtSlA==",
      "cpu": [
        "x64"
      ],
      "license": "BSD-3-Clause",
      "optional": true,
      "os": [
        "linux",
        "freebsd"
      ],
      "engines": {
        "node": ">=10"
      }
    },
    "node_modules/@sentry/cli-win32-i686": {
      "version": "2.36.6",
      "resolved": "https://registry.npmjs.org/@sentry/cli-win32-i686/-/cli-win32-i686-2.36.6.tgz",
      "integrity": "sha512-urH+i+WtPeW8Dund0xY8zObvvbMM0XxeEIUS4oFBCB3EMYHVxgNw+woQUv9Vyv7v+OBjckB/r27nxlwNBj4pbg==",
      "cpu": [
        "x86",
        "ia32"
      ],
      "license": "BSD-3-Clause",
      "optional": true,
      "os": [
        "win32"
      ],
      "engines": {
        "node": ">=10"
      }
    },
    "node_modules/@sentry/cli-win32-x64": {
      "version": "2.36.6",
      "resolved": "https://registry.npmjs.org/@sentry/cli-win32-x64/-/cli-win32-x64-2.36.6.tgz",
      "integrity": "sha512-ZauqOqwFAqb/Njyc8Kj2l9Fhbms7T5zB2yu5zwvq1uiqhXqLmsb9mRTF8WJWl9WmO5hwq/GTOEQowvrwK8gblw==",
      "cpu": [
        "x64"
      ],
      "license": "BSD-3-Clause",
      "optional": true,
      "os": [
        "win32"
      ],
      "engines": {
        "node": ">=10"
      }
    },
    "node_modules/@sentry/core": {
      "version": "8.33.1",
      "resolved": "https://registry.npmjs.org/@sentry/core/-/core-8.33.1.tgz",
      "integrity": "sha512-3SS41suXLFzxL3OQvTMZ6q92ZapELVq2l2SoWlZopcamWhog2Ru0dp2vkunq97kFHb2TzKRTlFH4+4gbT8SJug==",
      "license": "MIT",
      "dependencies": {
        "@sentry/types": "8.33.1",
        "@sentry/utils": "8.33.1"
      },
      "engines": {
        "node": ">=14.18"
      }
    },
    "node_modules/@sentry/types": {
      "version": "8.33.1",
      "resolved": "https://registry.npmjs.org/@sentry/types/-/types-8.33.1.tgz",
      "integrity": "sha512-GjoAMvwtpIemoF/IiwZ7A60g4nQv3qwzR21GvJqDVUoKD0e8pv9OLX+HyXoUat4wEDGSuDUcUyUKD2G+od73QA==",
      "license": "MIT",
      "engines": {
        "node": ">=14.18"
      }
    },
    "node_modules/@sentry/utils": {
      "version": "8.33.1",
      "resolved": "https://registry.npmjs.org/@sentry/utils/-/utils-8.33.1.tgz",
      "integrity": "sha512-uzuYpiiJuFY3N4WNHMBWUQX5oNv2t/TbG0OHRp3Rr7yeu+HSfD542TIp9/gMZ+G0Cxd8AmVO3wkKIFbk0TL4Qg==",
      "license": "MIT",
      "dependencies": {
        "@sentry/types": "8.33.1"
      },
      "engines": {
        "node": ">=14.18"
      }
    },
    "node_modules/agent-base": {
      "version": "6.0.2",
      "resolved": "https://registry.npmjs.org/agent-base/-/agent-base-6.0.2.tgz",
      "integrity": "sha512-RZNwNclF7+MS/8bDg70amg32dyeZGZxiDuQmZxKLAlQjr3jGyLx+4Kkk58UO7D2QdgFIQCovuSuZESne6RG6XQ==",
      "license": "MIT",
      "dependencies": {
        "debug": "4"
      },
      "engines": {
        "node": ">= 6.0.0"
      }
    },
    "node_modules/debug": {
      "version": "4.3.7",
      "resolved": "https://registry.npmjs.org/debug/-/debug-4.3.7.tgz",
      "integrity": "sha512-Er2nc/H7RrMXZBFCEim6TCmMk02Z8vLC2Rbi1KEBggpo0fS6l0S1nnapwmIi3yW/+GOJap1Krg4w0Hg80oCqgQ==",
      "license": "MIT",
      "dependencies": {
        "ms": "^2.1.3"
      },
      "engines": {
        "node": ">=6.0"
      },
      "peerDependenciesMeta": {
        "supports-color": {
          "optional": true
        }
      }
    },
    "node_modules/https-proxy-agent": {
      "version": "5.0.1",
      "resolved": "https://registry.npmjs.org/https-proxy-agent/-/https-proxy-agent-5.0.1.tgz",
      "integrity": "sha512-dFcAjpTQFgoLMzC2VwU+C/CbS7uRL0lWmxDITmqm7C+7F0Odmj6s9l6alZc6AELXhrnggM2CeWSXHGOdX2YtwA==",
      "license": "MIT",
      "dependencies": {
        "agent-base": "6",
        "debug": "4"
      },
      "engines": {
        "node": ">= 6"
      }
    },
    "node_modules/isexe": {
      "version": "2.0.0",
      "resolved": "https://registry.npmjs.org/isexe/-/isexe-2.0.0.tgz",
      "integrity": "sha512-RHxMLp9lnKHGHRng9QFhRCMbYAcVpn69smSGcq3f36xjgVVWThj4qqLbTLlq7Ssj8B+fIQ1EuCEGI2lKsyQeIw==",
      "license": "ISC"
    },
    "node_modules/ms": {
      "version": "2.1.3",
      "resolved": "https://registry.npmjs.org/ms/-/ms-2.1.3.tgz",
      "integrity": "sha512-6FlzubTLZG3J2a/NVCAleEhjzq5oxgHyaCU9yYXvcLsvoVaHJq/s5xXI6/XXP6tz7R9xAOtHnSO/tXtF3WRTlA==",
      "license": "MIT"
    },
    "node_modules/node-fetch": {
      "version": "2.7.0",
      "resolved": "https://registry.npmjs.org/node-fetch/-/node-fetch-2.7.0.tgz",
      "integrity": "sha512-c4FRfUm/dbcWZ7U+1Wq0AwCyFL+3nt2bEw05wfxSz+DWpWsitgmSgYmy2dQdWyKC1694ELPqMs/YzUSNozLt8A==",
      "license": "MIT",
      "dependencies": {
        "whatwg-url": "^5.0.0"
      },
      "engines": {
        "node": "4.x || >=6.0.0"
      },
      "peerDependencies": {
        "encoding": "^0.1.0"
      },
      "peerDependenciesMeta": {
        "encoding": {
          "optional": true
        }
      }
    },
    "node_modules/progress": {
      "version": "2.0.3",
      "resolved": "https://registry.npmjs.org/progress/-/progress-2.0.3.tgz",
      "integrity": "sha512-7PiHtLll5LdnKIMw100I+8xJXR5gW2QwWYkT6iJva0bXitZKa/XMrSbdmg3r2Xnaidz9Qumd0VPaMrZlF9V9sA==",
      "license": "MIT",
      "engines": {
        "node": ">=0.4.0"
      }
    },
    "node_modules/proxy-from-env": {
      "version": "1.1.0",
      "resolved": "https://registry.npmjs.org/proxy-from-env/-/proxy-from-env-1.1.0.tgz",
      "integrity": "sha512-D+zkORCbA9f1tdWRK0RaCR3GPv50cMxcrz4X8k5LTSUD1Dkw47mKJEZQNunItRTkWwgtaUSo1RVFRIG9ZXiFYg==",
      "license": "MIT"
    },
    "node_modules/tr46": {
      "version": "0.0.3",
      "resolved": "https://registry.npmjs.org/tr46/-/tr46-0.0.3.tgz",
      "integrity": "sha512-N3WMsuqV66lT30CrXNbEjx4GEwlow3v6rr4mCcv6prnfwhS01rkgyFdjPNBYd9br7LpXV1+Emh01fHnq2Gdgrw==",
      "license": "MIT"
    },
    "node_modules/webidl-conversions": {
      "version": "3.0.1",
      "resolved": "https://registry.npmjs.org/webidl-conversions/-/webidl-conversions-3.0.1.tgz",
      "integrity": "sha512-2JAn3z8AR6rjK8Sm8orRC0h/bcl/DqL7tRPdGZ4I1CjdF+EaMLmYxBHyXuKL849eucPFhvBoxMsflfOb8kxaeQ==",
      "license": "BSD-2-Clause"
    },
    "node_modules/whatwg-url": {
      "version": "5.0.0",
      "resolved": "https://registry.npmjs.org/whatwg-url/-/whatwg-url-5.0.0.tgz",
      "integrity": "sha512-saE57nupxk6v3HY35+jzBwYa0rKSy0XR8JSxZPwgLr7ys0IBzhGviA1/TUGJLmSVqs8pb9AnvICXEuOHLprYTw==",
      "license": "MIT",
      "dependencies": {
        "tr46": "~0.0.3",
        "webidl-conversions": "^3.0.0"
      }
    },
    "node_modules/which": {
      "version": "2.0.2",
      "resolved": "https://registry.npmjs.org/which/-/which-2.0.2.tgz",
      "integrity": "sha512-BLI3Tl1TW3Pvl70l3yq3Y64i+awpwXqsGBYWkkqMtnbXgrMD+yj7rhW0kuEDxzJaYXGjEW5ogapKNMEKNMjibA==",
      "license": "ISC",
      "dependencies": {
        "isexe": "^2.0.0"
      },
      "bin": {
        "node-which": "bin/node-which"
      },
      "engines": {
        "node": ">= 8"
      }
    }
  }
}
